
Microsoft Visual Studio Solution File, Format Version 12.00
# Visual Studio 2015
Project("{FAE04EC0-301F-11D3-BF4B-00C04F79EFBC}") = "FrostGrave.CSharp", "FrostGrave.CSharp.csproj", "{74DB8149-EEBC-F8FD-2EE4-5F7F6881C50C}"
EndProject
Project("{FAE04EC0-301F-11D3-BF4B-00C04F79EFBC}") = "FrostGrave.CSharp.Editor", "FrostGrave.CSharp.Editor.csproj", "{D4591B88-23FA-379F-F428-7485D208C42B}"
EndProject
Global
	GlobalSection(SolutionConfigurationPlatforms) = preSolution
		Debug|Any CPU = Debug|Any CPU
		Release|Any CPU = Release|Any CPU
	EndGlobalSection
	GlobalSection(ProjectConfigurationPlatforms) = postSolution
		{74DB8149-EEBC-F8FD-2EE4-5F7F6881C50C}.Debug|Any CPU.ActiveCfg = Debug|Any CPU
		{74DB8149-EEBC-F8FD-2EE4-5F7F6881C50C}.Debug|Any CPU.Build.0 = Debug|Any CPU
		{74DB8149-EEBC-F8FD-2EE4-5F7F6881C50C}.Release|Any CPU.ActiveCfg = Release|Any CPU
		{74DB8149-EEBC-F8FD-2EE4-5F7F6881C50C}.Release|Any CPU.Build.0 = Release|Any CPU
		{D4591B88-23FA-379F-F428-7485D208C42B}.Debug|Any CPU.ActiveCfg = Debug|Any CPU
		{D4591B88-23FA-379F-F428-7485D208C42B}.Debug|Any CPU.Build.0 = Debug|Any CPU
		{D4591B88-23FA-379F-F428-7485D208C42B}.Release|Any CPU.ActiveCfg = Release|Any CPU
		{D4591B88-23FA-379F-F428-7485D208C42B}.Release|Any CPU.Build.0 = Release|Any CPU
	EndGlobalSection
	GlobalSection(SolutionProperties) = preSolution
		HideSolutionNode = FALSE
	EndGlobalSection
EndGlobal
